// !$*UTF8*$!
{
	archiveVersion = 1;
	classes = {
	};
	objectVersion = 56;
	objects = {

/* Begin PBXBuildFile section */
		2A18C95C2AE6BFE6005A3F7C /* ovkApp.swift in Sources */ = {isa = PBXBuildFile; fileRef = 2A18C95B2AE6BFE6005A3F7C /* ovkApp.swift */; };
		2A18C95E2AE6BFE6005A3F7C /* LoginView.swift in Sources */ = {isa = PBXBuildFile; fileRef = 2A18C95D2AE6BFE6005A3F7C /* LoginView.swift */; };
		2A18C9602AE6BFE6005A3F7C /* Assets.xcassets in Resources */ = {isa = PBXBuildFile; fileRef = 2A18C95F2AE6BFE6005A3F7C /* Assets.xcassets */; };
		2A18C9632AE6BFE6005A3F7C /* Preview Assets.xcassets in Resources */ = {isa = PBXBuildFile; fileRef = 2A18C9622AE6BFE6005A3F7C /* Preview Assets.xcassets */; };
		2A28D6812AE9141300531DC9 /* About.swift in Sources */ = {isa = PBXBuildFile; fileRef = 2A28D6802AE9141300531DC9 /* About.swift */; };
		2A28D6832AE92A7800531DC9 /* UserDefaults.swift in Sources */ = {isa = PBXBuildFile; fileRef = 2A28D6822AE92A7800531DC9 /* UserDefaults.swift */; };
		2A28D6852AE959D400531DC9 /* Localization.swift in Sources */ = {isa = PBXBuildFile; fileRef = 2A28D6842AE959D400531DC9 /* Localization.swift */; };
		2A28D6892AE965B400531DC9 /* Profile.swift in Sources */ = {isa = PBXBuildFile; fileRef = 2A28D6882AE965B400531DC9 /* Profile.swift */; };
		2A28D68B2AE968A100531DC9 /* API.swift in Sources */ = {isa = PBXBuildFile; fileRef = 2A28D68A2AE968A100531DC9 /* API.swift */; };
		2A606A402AF37CF4001789D7 /* UserInfoPopup.swift in Sources */ = {isa = PBXBuildFile; fileRef = 2A606A3F2AF37CF4001789D7 /* UserInfoPopup.swift */; };
		2A6FE3372AE7A32100F1D694 /* LogIn.swift in Sources */ = {isa = PBXBuildFile; fileRef = 2A6FE3362AE7A32100F1D694 /* LogIn.swift */; };
		2A6FE33A2AE7B47D00F1D694 /* WebView.swift in Sources */ = {isa = PBXBuildFile; fileRef = 2A6FE3392AE7B47D00F1D694 /* WebView.swift */; };
		2A6FE33C2AE7BA4700F1D694 /* JSONthings.swift in Sources */ = {isa = PBXBuildFile; fileRef = 2A6FE33B2AE7BA4700F1D694 /* JSONthings.swift */; };
		2A78FA892B3B0EA200F1E106 /* Structs.swift in Sources */ = {isa = PBXBuildFile; fileRef = 2A78FA882B3B0EA200F1E106 /* Structs.swift */; };
		2A8139F72B19DB9100BB471C /* Feed.swift in Sources */ = {isa = PBXBuildFile; fileRef = 2A8139F62B19DB9100BB471C /* Feed.swift */; };
		2A8983842AFA247A00408A8A /* FriendsList.swift in Sources */ = {isa = PBXBuildFile; fileRef = 2A8983832AFA247A00408A8A /* FriendsList.swift */; };
		2A90D2AA2B096E4C0085DE73 /* ImageViewer in Frameworks */ = {isa = PBXBuildFile; productRef = 2A90D2A92B096E4C0085DE73 /* ImageViewer */; };
		2A90D2AC2B096E4C0085DE73 /* ImageViewerRemote in Frameworks */ = {isa = PBXBuildFile; productRef = 2A90D2AB2B096E4C0085DE73 /* ImageViewerRemote */; };
		2A95C55F2AE8EAA90042F64C /* JSONErrors.swift in Sources */ = {isa = PBXBuildFile; fileRef = 2A95C55E2AE8EAA90042F64C /* JSONErrors.swift */; };
		2A95C5642AE8F24F0042F64C /* MainView.swift in Sources */ = {isa = PBXBuildFile; fileRef = 2A95C5632AE8F24F0042F64C /* MainView.swift */; };
		2A95C5662AE8F6310042F64C /* MainScreen.swift in Sources */ = {isa = PBXBuildFile; fileRef = 2A95C5652AE8F6310042F64C /* MainScreen.swift */; };
		2A95C5682AE909E20042F64C /* LoginSettings.swift in Sources */ = {isa = PBXBuildFile; fileRef = 2A95C5672AE909E20042F64C /* LoginSettings.swift */; };
		2A95C56A2AE9115B0042F64C /* Localizable.xcstrings in Resources */ = {isa = PBXBuildFile; fileRef = 2A95C5692AE9115B0042F64C /* Localizable.xcstrings */; };
		2AA309B42AFE0C910074E038 /* Post.swift in Sources */ = {isa = PBXBuildFile; fileRef = 2AA309B32AFE0C910074E038 /* Post.swift */; };
		2AECF5C62AE7D30800A463A3 /* Keychain.swift in Sources */ = {isa = PBXBuildFile; fileRef = 2AECF5C52AE7D30800A463A3 /* Keychain.swift */; };
		2AF9EB052AE9BC29009F0935 /* DateAndTime.swift in Sources */ = {isa = PBXBuildFile; fileRef = 2AF9EB042AE9BC29009F0935 /* DateAndTime.swift */; };
		2AF9EB072AE9DA8D009F0935 /* Extensions.swift in Sources */ = {isa = PBXBuildFile; fileRef = 2AF9EB062AE9DA8D009F0935 /* Extensions.swift */; };
/* End PBXBuildFile section */

/* Begin PBXFileReference section */
		2A18C9582AE6BFE6005A3F7C /* OpenVK Swift.app */ = {isa = PBXFileReference; explicitFileType = wrapper.application; includeInIndex = 0; path = "OpenVK Swift.app"; sourceTree = BUILT_PRODUCTS_DIR; };
		2A18C95B2AE6BFE6005A3F7C /* ovkApp.swift */ = {isa = PBXFileReference; lastKnownFileType = sourcecode.swift; path = ovkApp.swift; sourceTree = "<group>"; };
		2A18C95D2AE6BFE6005A3F7C /* LoginView.swift */ = {isa = PBXFileReference; lastKnownFileType = sourcecode.swift; path = LoginView.swift; sourceTree = "<group>"; wrapsLines = 1; };
		2A18C95F2AE6BFE6005A3F7C /* Assets.xcassets */ = {isa = PBXFileReference; lastKnownFileType = folder.assetcatalog; path = Assets.xcassets; sourceTree = "<group>"; };
		2A18C9622AE6BFE6005A3F7C /* Preview Assets.xcassets */ = {isa = PBXFileReference; lastKnownFileType = folder.assetcatalog; path = "Preview Assets.xcassets"; sourceTree = "<group>"; };
		2A28D6802AE9141300531DC9 /* About.swift */ = {isa = PBXFileReference; lastKnownFileType = sourcecode.swift; path = About.swift; sourceTree = "<group>"; };
		2A28D6822AE92A7800531DC9 /* UserDefaults.swift */ = {isa = PBXFileReference; lastKnownFileType = sourcecode.swift; path = UserDefaults.swift; sourceTree = "<group>"; };
		2A28D6842AE959D400531DC9 /* Localization.swift */ = {isa = PBXFileReference; lastKnownFileType = sourcecode.swift; path = Localization.swift; sourceTree = "<group>"; };
		2A28D6882AE965B400531DC9 /* Profile.swift */ = {isa = PBXFileReference; lastKnownFileType = sourcecode.swift; path = Profile.swift; sourceTree = "<group>"; };
		2A28D68A2AE968A100531DC9 /* API.swift */ = {isa = PBXFileReference; lastKnownFileType = sourcecode.swift; path = API.swift; sourceTree = "<group>"; };
		2A606A3F2AF37CF4001789D7 /* UserInfoPopup.swift */ = {isa = PBXFileReference; lastKnownFileType = sourcecode.swift; path = UserInfoPopup.swift; sourceTree = "<group>"; };
		2A6FE3362AE7A32100F1D694 /* LogIn.swift */ = {isa = PBXFileReference; lastKnownFileType = sourcecode.swift; path = LogIn.swift; sourceTree = "<group>"; };
		2A6FE3392AE7B47D00F1D694 /* WebView.swift */ = {isa = PBXFileReference; lastKnownFileType = sourcecode.swift; path = WebView.swift; sourceTree = "<group>"; };
		2A6FE33B2AE7BA4700F1D694 /* JSONthings.swift */ = {isa = PBXFileReference; lastKnownFileType = sourcecode.swift; path = JSONthings.swift; sourceTree = "<group>"; };
		2A78FA882B3B0EA200F1E106 /* Structs.swift */ = {isa = PBXFileReference; lastKnownFileType = sourcecode.swift; path = Structs.swift; sourceTree = "<group>"; };
		2A8139F62B19DB9100BB471C /* Feed.swift */ = {isa = PBXFileReference; lastKnownFileType = sourcecode.swift; path = Feed.swift; sourceTree = "<group>"; };
		2A8983832AFA247A00408A8A /* FriendsList.swift */ = {isa = PBXFileReference; lastKnownFileType = sourcecode.swift; path = FriendsList.swift; sourceTree = "<group>"; };
		2A95C55E2AE8EAA90042F64C /* JSONErrors.swift */ = {isa = PBXFileReference; lastKnownFileType = sourcecode.swift; path = JSONErrors.swift; sourceTree = "<group>"; };
		2A95C5632AE8F24F0042F64C /* MainView.swift */ = {isa = PBXFileReference; lastKnownFileType = sourcecode.swift; path = MainView.swift; sourceTree = "<group>"; };
		2A95C5652AE8F6310042F64C /* MainScreen.swift */ = {isa = PBXFileReference; lastKnownFileType = sourcecode.swift; path = MainScreen.swift; sourceTree = "<group>"; };
		2A95C5672AE909E20042F64C /* LoginSettings.swift */ = {isa = PBXFileReference; lastKnownFileType = sourcecode.swift; path = LoginSettings.swift; sourceTree = "<group>"; };
		2A95C5692AE9115B0042F64C /* Localizable.xcstrings */ = {isa = PBXFileReference; lastKnownFileType = text.json.xcstrings; path = Localizable.xcstrings; sourceTree = "<group>"; };
		2AA309B32AFE0C910074E038 /* Post.swift */ = {isa = PBXFileReference; lastKnownFileType = sourcecode.swift; path = Post.swift; sourceTree = "<group>"; };
		2AECF5C52AE7D30800A463A3 /* Keychain.swift */ = {isa = PBXFileReference; lastKnownFileType = sourcecode.swift; path = Keychain.swift; sourceTree = "<group>"; };
		2AF9EB042AE9BC29009F0935 /* DateAndTime.swift */ = {isa = PBXFileReference; lastKnownFileType = sourcecode.swift; path = DateAndTime.swift; sourceTree = "<group>"; };
		2AF9EB062AE9DA8D009F0935 /* Extensions.swift */ = {isa = PBXFileReference; lastKnownFileType = sourcecode.swift; path = Extensions.swift; sourceTree = "<group>"; };
/* End PBXFileReference section */

/* Begin PBXFrameworksBuildPhase section */
		2A18C9552AE6BFE6005A3F7C /* Frameworks */ = {
			isa = PBXFrameworksBuildPhase;
			buildActionMask = 2147483647;
			files = (
				2A90D2AC2B096E4C0085DE73 /* ImageViewerRemote in Frameworks */,
				2A90D2AA2B096E4C0085DE73 /* ImageViewer in Frameworks */,
			);
			runOnlyForDeploymentPostprocessing = 0;
		};
/* End PBXFrameworksBuildPhase section */

/* Begin PBXGroup section */
		2A18C94F2AE6BFE6005A3F7C = {
			isa = PBXGroup;
			children = (
				2A18C95A2AE6BFE6005A3F7C /* ovk */,
				2A18C9592AE6BFE6005A3F7C /* Products */,
			);
			sourceTree = "<group>";
		};
		2A18C9592AE6BFE6005A3F7C /* Products */ = {
			isa = PBXGroup;
			children = (
				2A18C9582AE6BFE6005A3F7C /* OpenVK Swift.app */,
			);
			name = Products;
			sourceTree = "<group>";
		};
		2A18C95A2AE6BFE6005A3F7C /* ovk */ = {
			isa = PBXGroup;
			children = (
				2A95C5602AE8F21B0042F64C /* Screens */,
				2A95C55D2AE8EA9A0042F64C /* Errors */,
				2A6FE3382AE7B47100F1D694 /* Views */,
				2A6FE3352AE7A30D00F1D694 /* Functions */,
				2A18C95B2AE6BFE6005A3F7C /* ovkApp.swift */,
				2A95C5632AE8F24F0042F64C /* MainView.swift */,
				2A18C95F2AE6BFE6005A3F7C /* Assets.xcassets */,
				2A18C9612AE6BFE6005A3F7C /* Preview Content */,
				2A95C5692AE9115B0042F64C /* Localizable.xcstrings */,
			);
			path = ovk;
			sourceTree = "<group>";
		};
		2A18C9612AE6BFE6005A3F7C /* Preview Content */ = {
			isa = PBXGroup;
			children = (
				2A18C9622AE6BFE6005A3F7C /* Preview Assets.xcassets */,
			);
			path = "Preview Content";
			sourceTree = "<group>";
		};
		2A28D6872AE965A700531DC9 /* Subscreens */ = {
			isa = PBXGroup;
			children = (
				2AA309B22AFE0C840074E038 /* Components */,
				2A8983822AFA246D00408A8A /* SubSubScreens */,
				2A28D6882AE965B400531DC9 /* Profile.swift */,
				2A8139F62B19DB9100BB471C /* Feed.swift */,
			);
			path = Subscreens;
			sourceTree = "<group>";
		};
		2A6FE3352AE7A30D00F1D694 /* Functions */ = {
			isa = PBXGroup;
			children = (
				2A6FE3362AE7A32100F1D694 /* LogIn.swift */,
				2A6FE33B2AE7BA4700F1D694 /* JSONthings.swift */,
				2AECF5C52AE7D30800A463A3 /* Keychain.swift */,
				2A28D6822AE92A7800531DC9 /* UserDefaults.swift */,
				2A28D6842AE959D400531DC9 /* Localization.swift */,
				2A28D68A2AE968A100531DC9 /* API.swift */,
				2AF9EB042AE9BC29009F0935 /* DateAndTime.swift */,
				2AF9EB062AE9DA8D009F0935 /* Extensions.swift */,
				2A78FA882B3B0EA200F1E106 /* Structs.swift */,
			);
			path = Functions;
			sourceTree = "<group>";
		};
		2A6FE3382AE7B47100F1D694 /* Views */ = {
			isa = PBXGroup;
			children = (
				2A6FE3392AE7B47D00F1D694 /* WebView.swift */,
				2A606A3F2AF37CF4001789D7 /* UserInfoPopup.swift */,
			);
			path = Views;
			sourceTree = "<group>";
		};
		2A8983822AFA246D00408A8A /* SubSubScreens */ = {
			isa = PBXGroup;
			children = (
				2A8983832AFA247A00408A8A /* FriendsList.swift */,
			);
			path = SubSubScreens;
			sourceTree = "<group>";
		};
		2A95C55D2AE8EA9A0042F64C /* Errors */ = {
			isa = PBXGroup;
			children = (
				2A95C55E2AE8EAA90042F64C /* JSONErrors.swift */,
			);
			path = Errors;
			sourceTree = "<group>";
		};
		2A95C5602AE8F21B0042F64C /* Screens */ = {
			isa = PBXGroup;
			children = (
				2A28D6872AE965A700531DC9 /* Subscreens */,
				2A18C95D2AE6BFE6005A3F7C /* LoginView.swift */,
				2A95C5652AE8F6310042F64C /* MainScreen.swift */,
				2A95C5672AE909E20042F64C /* LoginSettings.swift */,
				2A28D6802AE9141300531DC9 /* About.swift */,
			);
			path = Screens;
			sourceTree = "<group>";
		};
		2AA309B22AFE0C840074E038 /* Components */ = {
			isa = PBXGroup;
			children = (
				2AA309B32AFE0C910074E038 /* Post.swift */,
			);
			path = Components;
			sourceTree = "<group>";
		};
/* End PBXGroup section */

/* Begin PBXNativeTarget section */
		2A18C9572AE6BFE6005A3F7C /* OpenVK Swift */ = {
			isa = PBXNativeTarget;
			buildConfigurationList = 2A18C9662AE6BFE6005A3F7C /* Build configuration list for PBXNativeTarget "OpenVK Swift" */;
			buildPhases = (
				2A18C9542AE6BFE6005A3F7C /* Sources */,
				2A18C9552AE6BFE6005A3F7C /* Frameworks */,
				2A18C9562AE6BFE6005A3F7C /* Resources */,
			);
			buildRules = (
			);
			dependencies = (
			);
			name = "OpenVK Swift";
			packageProductDependencies = (
				2A90D2A92B096E4C0085DE73 /* ImageViewer */,
				2A90D2AB2B096E4C0085DE73 /* ImageViewerRemote */,
			);
			productName = ovk;
			productReference = 2A18C9582AE6BFE6005A3F7C /* OpenVK Swift.app */;
			productType = "com.apple.product-type.application";
		};
/* End PBXNativeTarget section */

/* Begin PBXProject section */
		2A18C9502AE6BFE6005A3F7C /* Project object */ = {
			isa = PBXProject;
			attributes = {
				BuildIndependentTargetsInParallel = 1;
				LastSwiftUpdateCheck = 1500;
				LastUpgradeCheck = 1510;
				TargetAttributes = {
					2A18C9572AE6BFE6005A3F7C = {
						CreatedOnToolsVersion = 15.0.1;
					};
				};
			};
			buildConfigurationList = 2A18C9532AE6BFE6005A3F7C /* Build configuration list for PBXProject "OpenVK Swift" */;
			compatibilityVersion = "Xcode 14.0";
			developmentRegion = en;
			hasScannedForEncodings = 0;
			knownRegions = (
				en,
				Base,
				ru,
				uk,
			);
			mainGroup = 2A18C94F2AE6BFE6005A3F7C;
			packageReferences = (
				2A90D2A82B096E4C0085DE73 /* XCRemoteSwiftPackageReference "swiftui-image-viewer" */,
			);
			productRefGroup = 2A18C9592AE6BFE6005A3F7C /* Products */;
			projectDirPath = "";
			projectRoot = "";
			targets = (
				2A18C9572AE6BFE6005A3F7C /* OpenVK Swift */,
			);
		};
/* End PBXProject section */

/* Begin PBXResourcesBuildPhase section */
		2A18C9562AE6BFE6005A3F7C /* Resources */ = {
			isa = PBXResourcesBuildPhase;
			buildActionMask = 2147483647;
			files = (
				2A18C9632AE6BFE6005A3F7C /* Preview Assets.xcassets in Resources */,
				2A18C9602AE6BFE6005A3F7C /* Assets.xcassets in Resources */,
				2A95C56A2AE9115B0042F64C /* Localizable.xcstrings in Resources */,
			);
			runOnlyForDeploymentPostprocessing = 0;
		};
/* End PBXResourcesBuildPhase section */

/* Begin PBXSourcesBuildPhase section */
		2A18C9542AE6BFE6005A3F7C /* Sources */ = {
			isa = PBXSourcesBuildPhase;
			buildActionMask = 2147483647;
			files = (
				2A606A402AF37CF4001789D7 /* UserInfoPopup.swift in Sources */,
				2A95C5682AE909E20042F64C /* LoginSettings.swift in Sources */,
				2A18C95E2AE6BFE6005A3F7C /* LoginView.swift in Sources */,
				2A28D6812AE9141300531DC9 /* About.swift in Sources */,
				2A28D6892AE965B400531DC9 /* Profile.swift in Sources */,
				2A28D68B2AE968A100531DC9 /* API.swift in Sources */,
				2A6FE33C2AE7BA4700F1D694 /* JSONthings.swift in Sources */,
				2A95C5662AE8F6310042F64C /* MainScreen.swift in Sources */,
				2A28D6852AE959D400531DC9 /* Localization.swift in Sources */,
				2A95C5642AE8F24F0042F64C /* MainView.swift in Sources */,
				2A8139F72B19DB9100BB471C /* Feed.swift in Sources */,
				2A6FE33A2AE7B47D00F1D694 /* WebView.swift in Sources */,
				2A6FE3372AE7A32100F1D694 /* LogIn.swift in Sources */,
				2A28D6832AE92A7800531DC9 /* UserDefaults.swift in Sources */,
				2A78FA892B3B0EA200F1E106 /* Structs.swift in Sources */,
				2AF9EB052AE9BC29009F0935 /* DateAndTime.swift in Sources */,
				2A18C95C2AE6BFE6005A3F7C /* ovkApp.swift in Sources */,
				2AECF5C62AE7D30800A463A3 /* Keychain.swift in Sources */,
				2A8983842AFA247A00408A8A /* FriendsList.swift in Sources */,
				2A95C55F2AE8EAA90042F64C /* JSONErrors.swift in Sources */,
				2AF9EB072AE9DA8D009F0935 /* Extensions.swift in Sources */,
				2AA309B42AFE0C910074E038 /* Post.swift in Sources */,
			);
			runOnlyForDeploymentPostprocessing = 0;
		};
/* End PBXSourcesBuildPhase section */

/* Begin XCBuildConfiguration section */
		2A18C9642AE6BFE6005A3F7C /* Debug */ = {
			isa = XCBuildConfiguration;
			buildSettings = {
				ALWAYS_SEARCH_USER_PATHS = NO;
				ASSETCATALOG_COMPILER_GENERATE_SWIFT_ASSET_SYMBOL_EXTENSIONS = YES;
				CLANG_ANALYZER_LOCALIZABILITY_NONLOCALIZED = YES;
				CLANG_ANALYZER_NONNULL = YES;
				CLANG_ANALYZER_NUMBER_OBJECT_CONVERSION = YES_AGGRESSIVE;
				CLANG_CXX_LANGUAGE_STANDARD = "gnu++20";
				CLANG_ENABLE_MODULES = YES;
				CLANG_ENABLE_OBJC_ARC = YES;
				CLANG_ENABLE_OBJC_WEAK = YES;
				CLANG_WARN_BLOCK_CAPTURE_AUTORELEASING = YES;
				CLANG_WARN_BOOL_CONVERSION = YES;
				CLANG_WARN_COMMA = YES;
				CLANG_WARN_CONSTANT_CONVERSION = YES;
				CLANG_WARN_DEPRECATED_OBJC_IMPLEMENTATIONS = YES;
				CLANG_WARN_DIRECT_OBJC_ISA_USAGE = YES_ERROR;
				CLANG_WARN_DOCUMENTATION_COMMENTS = YES;
				CLANG_WARN_EMPTY_BODY = YES;
				CLANG_WARN_ENUM_CONVERSION = YES;
				CLANG_WARN_INFINITE_RECURSION = YES;
				CLANG_WARN_INT_CONVERSION = YES;
				CLANG_WARN_NON_LITERAL_NULL_CONVERSION = YES;
				CLANG_WARN_OBJC_IMPLICIT_RETAIN_SELF = YES;
				CLANG_WARN_OBJC_LITERAL_CONVERSION = YES;
				CLANG_WARN_OBJC_ROOT_CLASS = YES_ERROR;
				CLANG_WARN_QUOTED_INCLUDE_IN_FRAMEWORK_HEADER = YES;
				CLANG_WARN_RANGE_LOOP_ANALYSIS = YES;
				CLANG_WARN_STRICT_PROTOTYPES = YES;
				CLANG_WARN_SUSPICIOUS_MOVE = YES;
				CLANG_WARN_UNGUARDED_AVAILABILITY = YES_AGGRESSIVE;
				CLANG_WARN_UNREACHABLE_CODE = YES;
				CLANG_WARN__DUPLICATE_METHOD_MATCH = YES;
				COPY_PHASE_STRIP = NO;
				DEBUG_INFORMATION_FORMAT = dwarf;
				ENABLE_STRICT_OBJC_MSGSEND = YES;
				ENABLE_TESTABILITY = YES;
				ENABLE_USER_SCRIPT_SANDBOXING = YES;
				GCC_C_LANGUAGE_STANDARD = gnu17;
				GCC_DYNAMIC_NO_PIC = NO;
				GCC_NO_COMMON_BLOCKS = YES;
				GCC_OPTIMIZATION_LEVEL = 0;
				GCC_PREPROCESSOR_DEFINITIONS = (
					"DEBUG=1",
					"$(inherited)",
				);
				GCC_WARN_64_TO_32_BIT_CONVERSION = YES;
				GCC_WARN_ABOUT_RETURN_TYPE = YES_ERROR;
				GCC_WARN_UNDECLARED_SELECTOR = YES;
				GCC_WARN_UNINITIALIZED_AUTOS = YES_AGGRESSIVE;
				GCC_WARN_UNUSED_FUNCTION = YES;
				GCC_WARN_UNUSED_VARIABLE = YES;
				IPHONEOS_DEPLOYMENT_TARGET = 17.0;
				LOCALIZATION_PREFERS_STRING_CATALOGS = YES;
				MTL_ENABLE_DEBUG_INFO = INCLUDE_SOURCE;
				MTL_FAST_MATH = YES;
				ONLY_ACTIVE_ARCH = YES;
				SDKROOT = iphoneos;
				SWIFT_ACTIVE_COMPILATION_CONDITIONS = "DEBUG $(inherited)";
				SWIFT_OPTIMIZATION_LEVEL = "-Onone";
			};
			name = Debug;
		};
		2A18C9652AE6BFE6005A3F7C /* Release */ = {
			isa = XCBuildConfiguration;
			buildSettings = {
				ALWAYS_SEARCH_USER_PATHS = NO;
				ASSETCATALOG_COMPILER_GENERATE_SWIFT_ASSET_SYMBOL_EXTENSIONS = YES;
				CLANG_ANALYZER_LOCALIZABILITY_NONLOCALIZED = YES;
				CLANG_ANALYZER_NONNULL = YES;
				CLANG_ANALYZER_NUMBER_OBJECT_CONVERSION = YES_AGGRESSIVE;
				CLANG_CXX_LANGUAGE_STANDARD = "gnu++20";
				CLANG_ENABLE_MODULES = YES;
				CLANG_ENABLE_OBJC_ARC = YES;
				CLANG_ENABLE_OBJC_WEAK = YES;
				CLANG_WARN_BLOCK_CAPTURE_AUTORELEASING = YES;
				CLANG_WARN_BOOL_CONVERSION = YES;
				CLANG_WARN_COMMA = YES;
				CLANG_WARN_CONSTANT_CONVERSION = YES;
				CLANG_WARN_DEPRECATED_OBJC_IMPLEMENTATIONS = YES;
				CLANG_WARN_DIRECT_OBJC_ISA_USAGE = YES_ERROR;
				CLANG_WARN_DOCUMENTATION_COMMENTS = YES;
				CLANG_WARN_EMPTY_BODY = YES;
				CLANG_WARN_ENUM_CONVERSION = YES;
				CLANG_WARN_INFINITE_RECURSION = YES;
				CLANG_WARN_INT_CONVERSION = YES;
				CLANG_WARN_NON_LITERAL_NULL_CONVERSION = YES;
				CLANG_WARN_OBJC_IMPLICIT_RETAIN_SELF = YES;
				CLANG_WARN_OBJC_LITERAL_CONVERSION = YES;
				CLANG_WARN_OBJC_ROOT_CLASS = YES_ERROR;
				CLANG_WARN_QUOTED_INCLUDE_IN_FRAMEWORK_HEADER = YES;
				CLANG_WARN_RANGE_LOOP_ANALYSIS = YES;
				CLANG_WARN_STRICT_PROTOTYPES = YES;
				CLANG_WARN_SUSPICIOUS_MOVE = YES;
				CLANG_WARN_UNGUARDED_AVAILABILITY = YES_AGGRESSIVE;
				CLANG_WARN_UNREACHABLE_CODE = YES;
				CLANG_WARN__DUPLICATE_METHOD_MATCH = YES;
				COPY_PHASE_STRIP = NO;
				DEBUG_INFORMATION_FORMAT = "dwarf-with-dsym";
				ENABLE_NS_ASSERTIONS = NO;
				ENABLE_STRICT_OBJC_MSGSEND = YES;
				ENABLE_USER_SCRIPT_SANDBOXING = YES;
				GCC_C_LANGUAGE_STANDARD = gnu17;
				GCC_NO_COMMON_BLOCKS = YES;
				GCC_WARN_64_TO_32_BIT_CONVERSION = YES;
				GCC_WARN_ABOUT_RETURN_TYPE = YES_ERROR;
				GCC_WARN_UNDECLARED_SELECTOR = YES;
				GCC_WARN_UNINITIALIZED_AUTOS = YES_AGGRESSIVE;
				GCC_WARN_UNUSED_FUNCTION = YES;
				GCC_WARN_UNUSED_VARIABLE = YES;
				IPHONEOS_DEPLOYMENT_TARGET = 17.0;
				LOCALIZATION_PREFERS_STRING_CATALOGS = YES;
				MTL_ENABLE_DEBUG_INFO = NO;
				MTL_FAST_MATH = YES;
				SDKROOT = iphoneos;
				SWIFT_COMPILATION_MODE = wholemodule;
				VALIDATE_PRODUCT = YES;
			};
			name = Release;
		};
		2A18C9672AE6BFE6005A3F7C /* Debug */ = {
			isa = XCBuildConfiguration;
			buildSettings = {
				ASSETCATALOG_COMPILER_APPICON_NAME = AppIcon;
				ASSETCATALOG_COMPILER_GLOBAL_ACCENT_COLOR_NAME = AccentColor;
				CODE_SIGN_ENTITLEMENTS = "";
				CODE_SIGN_STYLE = Automatic;
				CURRENT_PROJECT_VERSION = 26.12.23;
				DEVELOPMENT_ASSET_PATHS = "\"ovk/Preview Content\"";
				DEVELOPMENT_TEAM = 38AATL5X53;
				ENABLE_PREVIEWS = YES;
				GENERATE_INFOPLIST_FILE = YES;
				INFOPLIST_KEY_CFBundleDisplayName = OpenVK;
				INFOPLIST_KEY_LSApplicationCategoryType = "public.app-category.social-networking";
				INFOPLIST_KEY_UIApplicationSceneManifest_Generation = YES;
				INFOPLIST_KEY_UIApplicationSupportsIndirectInputEvents = YES;
				INFOPLIST_KEY_UILaunchScreen_Generation = YES;
				INFOPLIST_KEY_UISupportedInterfaceOrientations_iPad = "UIInterfaceOrientationPortrait UIInterfaceOrientationPortraitUpsideDown UIInterfaceOrientationLandscapeLeft UIInterfaceOrientationLandscapeRight";
				INFOPLIST_KEY_UISupportedInterfaceOrientations_iPhone = "UIInterfaceOrientationPortrait UIInterfaceOrientationLandscapeLeft UIInterfaceOrientationLandscapeRight";
				IPHONEOS_DEPLOYMENT_TARGET = 15.0;
				LD_RUNPATH_SEARCH_PATHS = (
					"$(inherited)",
					"@executable_path/Frameworks",
				);
				MARKETING_VERSION = "0.2.5-a";
				PRODUCT_BUNDLE_IDENTIFIER = isamiri.ru.ovk;
				PRODUCT_NAME = "$(TARGET_NAME)";
				SUPPORTED_PLATFORMS = "iphoneos iphonesimulator";
				SUPPORTS_MACCATALYST = NO;
				SUPPORTS_MAC_DESIGNED_FOR_IPHONE_IPAD = YES;
				SWIFT_EMIT_LOC_STRINGS = YES;
				SWIFT_VERSION = 5.0;
				TARGETED_DEVICE_FAMILY = "1,2";
			};
			name = Debug;
		};
		2A18C9682AE6BFE6005A3F7C /* Release */ = {
			isa = XCBuildConfiguration;
			buildSettings = {
				ASSETCATALOG_COMPILER_APPICON_NAME = AppIcon;
				ASSETCATALOG_COMPILER_GLOBAL_ACCENT_COLOR_NAME = AccentColor;
				CODE_SIGN_ENTITLEMENTS = "";
				CODE_SIGN_STYLE = Automatic;
				CURRENT_PROJECT_VERSION = 26.12.23;
				DEVELOPMENT_ASSET_PATHS = "\"ovk/Preview Content\"";
				DEVELOPMENT_TEAM = 38AATL5X53;
				ENABLE_PREVIEWS = YES;
				GENERATE_INFOPLIST_FILE = YES;
				INFOPLIST_KEY_CFBundleDisplayName = OpenVK;
				INFOPLIST_KEY_LSApplicationCategoryType = "public.app-category.social-networking";
				INFOPLIST_KEY_UIApplicationSceneManifest_Generation = YES;
				INFOPLIST_KEY_UIApplicationSupportsIndirectInputEvents = YES;
				INFOPLIST_KEY_UILaunchScreen_Generation = YES;
				INFOPLIST_KEY_UISupportedInterfaceOrientations_iPad = "UIInterfaceOrientationPortrait UIInterfaceOrientationPortraitUpsideDown UIInterfaceOrientationLandscapeLeft UIInterfaceOrientationLandscapeRight";
				INFOPLIST_KEY_UISupportedInterfaceOrientations_iPhone = "UIInterfaceOrientationPortrait UIInterfaceOrientationLandscapeLeft UIInterfaceOrientationLandscapeRight";
				IPHONEOS_DEPLOYMENT_TARGET = 15.0;
				LD_RUNPATH_SEARCH_PATHS = (
					"$(inherited)",
					"@executable_path/Frameworks",
				);
				MARKETING_VERSION = "0.2.5-a";
				PRODUCT_BUNDLE_IDENTIFIER = isamiri.ru.ovk;
				PRODUCT_NAME = "$(TARGET_NAME)";
				SUPPORTED_PLATFORMS = "iphoneos iphonesimulator";
				SUPPORTS_MACCATALYST = NO;
				SUPPORTS_MAC_DESIGNED_FOR_IPHONE_IPAD = YES;
				SWIFT_EMIT_LOC_STRINGS = YES;
				SWIFT_VERSION = 5.0;
				TARGETED_DEVICE_FAMILY = "1,2";
			};
			name = Release;
		};
/* End XCBuildConfiguration section */

/* Begin XCConfigurationList section */
		2A18C9532AE6BFE6005A3F7C /* Build configuration list for PBXProject "OpenVK Swift" */ = {
			isa = XCConfigurationList;
			buildConfigurations = (
				2A18C9642AE6BFE6005A3F7C /* Debug */,
				2A18C9652AE6BFE6005A3F7C /* Release */,
			);
			defaultConfigurationIsVisible = 0;
			defaultConfigurationName = Release;
		};
		2A18C9662AE6BFE6005A3F7C /* Build configuration list for PBXNativeTarget "OpenVK Swift" */ = {
			isa = XCConfigurationList;
			buildConfigurations = (
				2A18C9672AE6BFE6005A3F7C /* Debug */,
				2A18C9682AE6BFE6005A3F7C /* Release */,
			);
			defaultConfigurationIsVisible = 0;
			defaultConfigurationName = Release;
		};
/* End XCConfigurationList section */

/* Begin XCRemoteSwiftPackageReference section */
		2A90D2A82B096E4C0085DE73 /* XCRemoteSwiftPackageReference "swiftui-image-viewer" */ = {
			isa = XCRemoteSwiftPackageReference;
			repositoryURL = "https://github.com/Jake-Short/swiftui-image-viewer.git";
			requirement = {
				kind = upToNextMajorVersion;
				minimumVersion = 2.3.1;
			};
		};
/* End XCRemoteSwiftPackageReference section */

/* Begin XCSwiftPackageProductDependency section */
		2A90D2A92B096E4C0085DE73 /* ImageViewer */ = {
			isa = XCSwiftPackageProductDependency;
			package = 2A90D2A82B096E4C0085DE73 /* XCRemoteSwiftPackageReference "swiftui-image-viewer" */;
			productName = ImageViewer;
		};
		2A90D2AB2B096E4C0085DE73 /* ImageViewerRemote */ = {
			isa = XCSwiftPackageProductDependency;
			package = 2A90D2A82B096E4C0085DE73 /* XCRemoteSwiftPackageReference "swiftui-image-viewer" */;
			productName = ImageViewerRemote;
		};
/* End XCSwiftPackageProductDependency section */
	};
	rootObject = 2A18C9502AE6BFE6005A3F7C /* Project object */;
}
